// !$*UTF8*$!
{
	archiveVersion = 1;
	classes = {
	};
	objectVersion = 50;
	objects = {

/* Begin PBXBuildFile section */
		EBC00723225D73C4001AB32B /* UIView+Layout.swift in Sources */ = {isa = PBXBuildFile; fileRef = EBC00722225D73C4001AB32B /* UIView+Layout.swift */; };
		EBC00725225D78A4001AB32B /* VerticalStackView.swift in Sources */ = {isa = PBXBuildFile; fileRef = EBC00724225D78A4001AB32B /* VerticalStackView.swift */; };
		EBD816FB22526DB700B81354 /* SearchResultsCell.swift in Sources */ = {isa = PBXBuildFile; fileRef = EBD816FA22526DB700B81354 /* SearchResultsCell.swift */; };
		EBFAA11D22522CA100BA1FF5 /* AppDelegate.swift in Sources */ = {isa = PBXBuildFile; fileRef = EBFAA11C22522CA100BA1FF5 /* AppDelegate.swift */; };
		EBFAA11F22522CA100BA1FF5 /* ViewController.swift in Sources */ = {isa = PBXBuildFile; fileRef = EBFAA11E22522CA100BA1FF5 /* ViewController.swift */; };
		EBFAA12222522CA100BA1FF5 /* Main.storyboard in Resources */ = {isa = PBXBuildFile; fileRef = EBFAA12022522CA100BA1FF5 /* Main.storyboard */; };
		EBFAA12422522CA300BA1FF5 /* Assets.xcassets in Resources */ = {isa = PBXBuildFile; fileRef = EBFAA12322522CA300BA1FF5 /* Assets.xcassets */; };
		EBFAA12722522CA300BA1FF5 /* LaunchScreen.storyboard in Resources */ = {isa = PBXBuildFile; fileRef = EBFAA12522522CA300BA1FF5 /* LaunchScreen.storyboard */; };
		EBFAA12F22522CF600BA1FF5 /* BaseTabBarController.swift in Sources */ = {isa = PBXBuildFile; fileRef = EBFAA12E22522CF600BA1FF5 /* BaseTabBarController.swift */; };
		EBFAA1322252462800BA1FF5 /* AppsSearchCollectionViewController.swift in Sources */ = {isa = PBXBuildFile; fileRef = EBFAA1312252462800BA1FF5 /* AppsSearchCollectionViewController.swift */; };
/* End PBXBuildFile section */

/* Begin PBXFileReference section */
		EBC00722225D73C4001AB32B /* UIView+Layout.swift */ = {isa = PBXFileReference; lastKnownFileType = sourcecode.swift; path = "UIView+Layout.swift"; sourceTree = "<group>"; };
		EBC00724225D78A4001AB32B /* VerticalStackView.swift */ = {isa = PBXFileReference; lastKnownFileType = sourcecode.swift; path = VerticalStackView.swift; sourceTree = "<group>"; };
		EBD816FA22526DB700B81354 /* SearchResultsCell.swift */ = {isa = PBXFileReference; lastKnownFileType = sourcecode.swift; path = SearchResultsCell.swift; sourceTree = "<group>"; };
		EBFAA11922522CA100BA1FF5 /* Appstore.app */ = {isa = PBXFileReference; explicitFileType = wrapper.application; includeInIndex = 0; path = Appstore.app; sourceTree = BUILT_PRODUCTS_DIR; };
		EBFAA11C22522CA100BA1FF5 /* AppDelegate.swift */ = {isa = PBXFileReference; lastKnownFileType = sourcecode.swift; path = AppDelegate.swift; sourceTree = "<group>"; };
		EBFAA11E22522CA100BA1FF5 /* ViewController.swift */ = {isa = PBXFileReference; lastKnownFileType = sourcecode.swift; path = ViewController.swift; sourceTree = "<group>"; };
		EBFAA12122522CA100BA1FF5 /* Base */ = {isa = PBXFileReference; lastKnownFileType = file.storyboard; name = Base; path = Base.lproj/Main.storyboard; sourceTree = "<group>"; };
		EBFAA12322522CA300BA1FF5 /* Assets.xcassets */ = {isa = PBXFileReference; lastKnownFileType = folder.assetcatalog; path = Assets.xcassets; sourceTree = "<group>"; };
		EBFAA12622522CA300BA1FF5 /* Base */ = {isa = PBXFileReference; lastKnownFileType = file.storyboard; name = Base; path = Base.lproj/LaunchScreen.storyboard; sourceTree = "<group>"; };
		EBFAA12822522CA300BA1FF5 /* Info.plist */ = {isa = PBXFileReference; lastKnownFileType = text.plist.xml; path = Info.plist; sourceTree = "<group>"; };
		EBFAA12E22522CF600BA1FF5 /* BaseTabBarController.swift */ = {isa = PBXFileReference; lastKnownFileType = sourcecode.swift; path = BaseTabBarController.swift; sourceTree = "<group>"; };
		EBFAA1312252462800BA1FF5 /* AppsSearchCollectionViewController.swift */ = {isa = PBXFileReference; lastKnownFileType = sourcecode.swift; path = AppsSearchCollectionViewController.swift; sourceTree = "<group>"; };
/* End PBXFileReference section */

/* Begin PBXFrameworksBuildPhase section */
		EBFAA11622522CA100BA1FF5 /* Frameworks */ = {
			isa = PBXFrameworksBuildPhase;
			buildActionMask = 2147483647;
			files = (
			);
			runOnlyForDeploymentPostprocessing = 0;
		};
/* End PBXFrameworksBuildPhase section */

/* Begin PBXGroup section */
		EBC00721225D7391001AB32B /* Helpers */ = {
			isa = PBXGroup;
			children = (
				EBC00722225D73C4001AB32B /* UIView+Layout.swift */,
				EBC00724225D78A4001AB32B /* VerticalStackView.swift */,
			);
			path = Helpers;
			sourceTree = "<group>";
		};
		EBD816F922526D8A00B81354 /* Views */ = {
			isa = PBXGroup;
			children = (
				EBD816FA22526DB700B81354 /* SearchResultsCell.swift */,
			);
			path = Views;
			sourceTree = "<group>";
		};
		EBFAA11022522CA100BA1FF5 = {
			isa = PBXGroup;
			children = (
				EBFAA11B22522CA100BA1FF5 /* Appstore */,
				EBFAA11A22522CA100BA1FF5 /* Products */,
			);
			sourceTree = "<group>";
		};
		EBFAA11A22522CA100BA1FF5 /* Products */ = {
			isa = PBXGroup;
			children = (
				EBFAA11922522CA100BA1FF5 /* Appstore.app */,
			);
			name = Products;
			sourceTree = "<group>";
		};
		EBFAA11B22522CA100BA1FF5 /* Appstore */ = {
			isa = PBXGroup;
			children = (
				EBD816F922526D8A00B81354 /* Views */,
				EBFAA130225245DC00BA1FF5 /* Controller */,
				EBFAA11C22522CA100BA1FF5 /* AppDelegate.swift */,
				EBC00721225D7391001AB32B /* Helpers */,
				EBFAA11E22522CA100BA1FF5 /* ViewController.swift */,
				EBFAA12022522CA100BA1FF5 /* Main.storyboard */,
				EBFAA12322522CA300BA1FF5 /* Assets.xcassets */,
				EBFAA12522522CA300BA1FF5 /* LaunchScreen.storyboard */,
				EBFAA12822522CA300BA1FF5 /* Info.plist */,
			);
			path = Appstore;
			sourceTree = "<group>";
		};
		EBFAA130225245DC00BA1FF5 /* Controller */ = {
			isa = PBXGroup;
			children = (
				EBFAA12E22522CF600BA1FF5 /* BaseTabBarController.swift */,
				EBFAA1312252462800BA1FF5 /* AppsSearchCollectionViewController.swift */,
			);
			path = Controller;
			sourceTree = "<group>";
		};
/* End PBXGroup section */

/* Begin PBXNativeTarget section */
		EBFAA11822522CA100BA1FF5 /* Appstore */ = {
			isa = PBXNativeTarget;
			buildConfigurationList = EBFAA12B22522CA300BA1FF5 /* Build configuration list for PBXNativeTarget "Appstore" */;
			buildPhases = (
				EBFAA11522522CA100BA1FF5 /* Sources */,
				EBFAA11622522CA100BA1FF5 /* Frameworks */,
				EBFAA11722522CA100BA1FF5 /* Resources */,
			);
			buildRules = (
			);
			dependencies = (
			);
			name = Appstore;
			productName = Appstore;
			productReference = EBFAA11922522CA100BA1FF5 /* Appstore.app */;
			productType = "com.apple.product-type.application";
		};
/* End PBXNativeTarget section */

/* Begin PBXProject section */
		EBFAA11122522CA100BA1FF5 /* Project object */ = {
			isa = PBXProject;
			attributes = {
				LastSwiftUpdateCheck = 1010;
				LastUpgradeCheck = 1010;
				ORGANIZATIONNAME = com.OyegokeTomisin;
				TargetAttributes = {
					EBFAA11822522CA100BA1FF5 = {
						CreatedOnToolsVersion = 10.1;
					};
				};
			};
			buildConfigurationList = EBFAA11422522CA100BA1FF5 /* Build configuration list for PBXProject "Appstore" */;
			compatibilityVersion = "Xcode 9.3";
			developmentRegion = en;
			hasScannedForEncodings = 0;
			knownRegions = (
				en,
				Base,
			);
			mainGroup = EBFAA11022522CA100BA1FF5;
			productRefGroup = EBFAA11A22522CA100BA1FF5 /* Products */;
			projectDirPath = "";
			projectRoot = "";
			targets = (
				EBFAA11822522CA100BA1FF5 /* Appstore */,
			);
		};
/* End PBXProject section */

/* Begin PBXResourcesBuildPhase section */
		EBFAA11722522CA100BA1FF5 /* Resources */ = {
			isa = PBXResourcesBuildPhase;
			buildActionMask = 2147483647;
			files = (
				EBFAA12722522CA300BA1FF5 /* LaunchScreen.storyboard in Resources */,
				EBFAA12422522CA300BA1FF5 /* Assets.xcassets in Resources */,
				EBFAA12222522CA100BA1FF5 /* Main.storyboard in Resources */,
			);
			runOnlyForDeploymentPostprocessing = 0;
		};
/* End PBXResourcesBuildPhase section */

/* Begin PBXSourcesBuildPhase section */
		EBFAA11522522CA100BA1FF5 /* Sources */ = {
			isa = PBXSourcesBuildPhase;
			buildActionMask = 2147483647;
			files = (
				EBFAA1322252462800BA1FF5 /* AppsSearchCollectionViewController.swift in Sources */,
				EBD816FB22526DB700B81354 /* SearchResultsCell.swift in Sources */,
				EBC00723225D73C4001AB32B /* UIView+Layout.swift in Sources */,
				EBFAA11F22522CA100BA1FF5 /* ViewController.swift in Sources */,
				EBFAA11D22522CA100BA1FF5 /* AppDelegate.swift in Sources */,
				EBFAA12F22522CF600BA1FF5 /* BaseTabBarController.swift in Sources */,
				EBC00725225D78A4001AB32B /* VerticalStackView.swift in Sources */,
			);
			runOnlyForDeploymentPostprocessing = 0;
		};
/* End PBXSourcesBuildPhase section */

/* Begin PBXVariantGroup section */
		EBFAA12022522CA100BA1FF5 /* Main.storyboard */ = {
			isa = PBXVariantGroup;
			children = (
				EBFAA12122522CA100BA1FF5 /* Base */,
			);
			name = Main.storyboard;
			sourceTree = "<group>";
		};
		EBFAA12522522CA300BA1FF5 /* LaunchScreen.storyboard */ = {
			isa = PBXVariantGroup;
			children = (
				EBFAA12622522CA300BA1FF5 /* Base */,
			);
			name = LaunchScreen.storyboard;
			sourceTree = "<group>";
		};
/* End PBXVariantGroup section */

/* Begin XCBuildConfiguration section */
		EBFAA12922522CA300BA1FF5 /* Debug */ = {
			isa = XCBuildConfiguration;
			buildSettings = {
				ALWAYS_SEARCH_USER_PATHS = NO;
				CLANG_ANALYZER_NONNULL = YES;
				CLANG_ANALYZER_NUMBER_OBJECT_CONVERSION = YES_AGGRESSIVE;
				CLANG_CXX_LANGUAGE_STANDARD = "gnu++14";
				CLANG_CXX_LIBRARY = "libc++";
				CLANG_ENABLE_MODULES = YES;
				CLANG_ENABLE_OBJC_ARC = YES;
				CLANG_ENABLE_OBJC_WEAK = YES;
				CLANG_WARN_BLOCK_CAPTURE_AUTORELEASING = YES;
				CLANG_WARN_BOOL_CONVERSION = YES;
				CLANG_WARN_COMMA = YES;
				CLANG_WARN_CONSTANT_CONVERSION = YES;
				CLANG_WARN_DEPRECATED_OBJC_IMPLEMENTATIONS = YES;
				CLANG_WARN_DIRECT_OBJC_ISA_USAGE = YES_ERROR;
				CLANG_WARN_DOCUMENTATION_COMMENTS = YES;
				CLANG_WARN_EMPTY_BODY = YES;
				CLANG_WARN_ENUM_CONVERSION = YES;
				CLANG_WARN_INFINITE_RECURSION = YES;
				CLANG_WARN_INT_CONVERSION = YES;
				CLANG_WARN_NON_LITERAL_NULL_CONVERSION = YES;
				CLANG_WARN_OBJC_IMPLICIT_RETAIN_SELF = YES;
				CLANG_WARN_OBJC_LITERAL_CONVERSION = YES;
				CLANG_WARN_OBJC_ROOT_CLASS = YES_ERROR;
				CLANG_WARN_RANGE_LOOP_ANALYSIS = YES;
				CLANG_WARN_STRICT_PROTOTYPES = YES;
				CLANG_WARN_SUSPICIOUS_MOVE = YES;
				CLANG_WARN_UNGUARDED_AVAILABILITY = YES_AGGRESSIVE;
				CLANG_WARN_UNREACHABLE_CODE = YES;
				CLANG_WARN__DUPLICATE_METHOD_MATCH = YES;
				CODE_SIGN_IDENTITY = "iPhone Developer";
				COPY_PHASE_STRIP = NO;
				DEBUG_INFORMATION_FORMAT = dwarf;
				ENABLE_STRICT_OBJC_MSGSEND = YES;
				ENABLE_TESTABILITY = YES;
				GCC_C_LANGUAGE_STANDARD = gnu11;
				GCC_DYNAMIC_NO_PIC = NO;
				GCC_NO_COMMON_BLOCKS = YES;
				GCC_OPTIMIZATION_LEVEL = 0;
				GCC_PREPROCESSOR_DEFINITIONS = (
					"DEBUG=1",
					"$(inherited)",
				);
				GCC_WARN_64_TO_32_BIT_CONVERSION = YES;
				GCC_WARN_ABOUT_RETURN_TYPE = YES_ERROR;
				GCC_WARN_UNDECLARED_SELECTOR = YES;
				GCC_WARN_UNINITIALIZED_AUTOS = YES_AGGRESSIVE;
				GCC_WARN_UNUSED_FUNCTION = YES;
				GCC_WARN_UNUSED_VARIABLE = YES;
				IPHONEOS_DEPLOYMENT_TARGET = 12.1;
				MTL_ENABLE_DEBUG_INFO = INCLUDE_SOURCE;
				MTL_FAST_MATH = YES;
				ONLY_ACTIVE_ARCH = YES;
				SDKROOT = iphoneos;
				SWIFT_ACTIVE_COMPILATION_CONDITIONS = DEBUG;
				SWIFT_OPTIMIZATION_LEVEL = "-Onone";
			};
			name = Debug;
		};
		EBFAA12A22522CA300BA1FF5 /* Release */ = {
			isa = XCBuildConfiguration;
			buildSettings = {
				ALWAYS_SEARCH_USER_PATHS = NO;
				CLANG_ANALYZER_NONNULL = YES;
				CLANG_ANALYZER_NUMBER_OBJECT_CONVERSION = YES_AGGRESSIVE;
				CLANG_CXX_LANGUAGE_STANDARD = "gnu++14";
				CLANG_CXX_LIBRARY = "libc++";
				CLANG_ENABLE_MODULES = YES;
				CLANG_ENABLE_OBJC_ARC = YES;
				CLANG_ENABLE_OBJC_WEAK = YES;
				CLANG_WARN_BLOCK_CAPTURE_AUTORELEASING = YES;
				CLANG_WARN_BOOL_CONVERSION = YES;
				CLANG_WARN_COMMA = YES;
				CLANG_WARN_CONSTANT_CONVERSION = YES;
				CLANG_WARN_DEPRECATED_OBJC_IMPLEMENTATIONS = YES;
				CLANG_WARN_DIRECT_OBJC_ISA_USAGE = YES_ERROR;
				CLANG_WARN_DOCUMENTATION_COMMENTS = YES;
				CLANG_WARN_EMPTY_BODY = YES;
				CLANG_WARN_ENUM_CONVERSION = YES;
				CLANG_WARN_INFINITE_RECURSION = YES;
				CLANG_WARN_INT_CONVERSION = YES;
				CLANG_WARN_NON_LITERAL_NULL_CONVERSION = YES;
				CLANG_WARN_OBJC_IMPLICIT_RETAIN_SELF = YES;
				CLANG_WARN_OBJC_LITERAL_CONVERSION = YES;
				CLANG_WARN_OBJC_ROOT_CLASS = YES_ERROR;
				CLANG_WARN_RANGE_LOOP_ANALYSIS = YES;
				CLANG_WARN_STRICT_PROTOTYPES = YES;
				CLANG_WARN_SUSPICIOUS_MOVE = YES;
				CLANG_WARN_UNGUARDED_AVAILABILITY = YES_AGGRESSIVE;
				CLANG_WARN_UNREACHABLE_CODE = YES;
				CLANG_WARN__DUPLICATE_METHOD_MATCH = YES;
				CODE_SIGN_IDENTITY = "iPhone Developer";
				COPY_PHASE_STRIP = NO;
				DEBUG_INFORMATION_FORMAT = "dwarf-with-dsym";
				ENABLE_NS_ASSERTIONS = NO;
				ENABLE_STRICT_OBJC_MSGSEND = YES;
				GCC_C_LANGUAGE_STANDARD = gnu11;
				GCC_NO_COMMON_BLOCKS = YES;
				GCC_WARN_64_TO_32_BIT_CONVERSION = YES;
				GCC_WARN_ABOUT_RETURN_TYPE = YES_ERROR;
				GCC_WARN_UNDECLARED_SELECTOR = YES;
				GCC_WARN_UNINITIALIZED_AUTOS = YES_AGGRESSIVE;
				GCC_WARN_UNUSED_FUNCTION = YES;
				GCC_WARN_UNUSED_VARIABLE = YES;
				IPHONEOS_DEPLOYMENT_TARGET = 12.1;
				MTL_ENABLE_DEBUG_INFO = NO;
				MTL_FAST_MATH = YES;
				SDKROOT = iphoneos;
				SWIFT_COMPILATION_MODE = wholemodule;
				SWIFT_OPTIMIZATION_LEVEL = "-O";
				VALIDATE_PRODUCT = YES;
			};
			name = Release;
		};
		EBFAA12C22522CA300BA1FF5 /* Debug */ = {
			isa = XCBuildConfiguration;
			buildSettings = {
				ASSETCATALOG_COMPILER_APPICON_NAME = AppIcon;
				CODE_SIGN_STYLE = Automatic;
				DEVELOPMENT_TEAM = WJ559S3UG5;
				INFOPLIST_FILE = Appstore/Info.plist;
				LD_RUNPATH_SEARCH_PATHS = (
					"$(inherited)",
					"@executable_path/Frameworks",
				);
				PRODUCT_BUNDLE_IDENTIFIER = com.OyegokeTomisin.Appstore;
				PRODUCT_NAME = "$(TARGET_NAME)";
				SWIFT_VERSION = 4.2;
				TARGETED_DEVICE_FAMILY = "1,2";
			};
			name = Debug;
		};
		EBFAA12D22522CA300BA1FF5 /* Release */ = {
			isa = XCBuildConfiguration;
			buildSettings = {
				ASSETCATALOG_COMPILER_APPICON_NAME = AppIcon;
				CODE_SIGN_STYLE = Automatic;
				DEVELOPMENT_TEAM = WJ559S3UG5;
				INFOPLIST_FILE = Appstore/Info.plist;
				LD_RUNPATH_SEARCH_PATHS = (
					"$(inherited)",
					"@executable_path/Frameworks",
				);
				PRODUCT_BUNDLE_IDENTIFIER = com.OyegokeTomisin.Appstore;
				PRODUCT_NAME = "$(TARGET_NAME)";
				SWIFT_VERSION = 4.2;
				TARGETED_DEVICE_FAMILY = "1,2";
			};
			name = Release;
		};
/* End XCBuildConfiguration section */

/* Begin XCConfigurationList section */
		EBFAA11422522CA100BA1FF5 /* Build configuration list for PBXProject "Appstore" */ = {
			isa = XCConfigurationList;
			buildConfigurations = (
				EBFAA12922522CA300BA1FF5 /* Debug */,
				EBFAA12A22522CA300BA1FF5 /* Release */,
			);
			defaultConfigurationIsVisible = 0;
			defaultConfigurationName = Release;
		};
		EBFAA12B22522CA300BA1FF5 /* Build configuration list for PBXNativeTarget "Appstore" */ = {
			isa = XCConfigurationList;
			buildConfigurations = (
				EBFAA12C22522CA300BA1FF5 /* Debug */,
				EBFAA12D22522CA300BA1FF5 /* Release */,
			);
			defaultConfigurationIsVisible = 0;
			defaultConfigurationName = Release;
		};
/* End XCConfigurationList section */
	};
	rootObject = EBFAA11122522CA100BA1FF5 /* Project object */;
}
