// !$*UTF8*$!
{
	archiveVersion = 1;
	classes = {
	};
	objectVersion = 50;
	objects = {

/* Begin PBXBuildFile section */
		4DBCCA443CE3166495C03BEC /* Pods_Appstore.framework in Frameworks */ = {isa = PBXBuildFile; fileRef = FE0D78D9755D1F3BAA13886B /* Pods_Appstore.framework */; };
		EB3F22F9226B69B900F79F55 /* preview.jpeg in Resources */ = {isa = PBXBuildFile; fileRef = EB3F22F8226B69B900F79F55 /* preview.jpeg */; };
		EBA18BC8228C18F70041E696 /* AppGroup.swift in Sources */ = {isa = PBXBuildFile; fileRef = EBA18BC7228C18F70041E696 /* AppGroup.swift */; };
		EBC00723225D73C4001AB32B /* UIView+Layout.swift in Sources */ = {isa = PBXBuildFile; fileRef = EBC00722225D73C4001AB32B /* UIView+Layout.swift */; };
		EBC00725225D78A4001AB32B /* VerticalStackView.swift in Sources */ = {isa = PBXBuildFile; fileRef = EBC00724225D78A4001AB32B /* VerticalStackView.swift */; };
		EBC73D7F2289CC4700024C48 /* AppsHorizontalController.swift in Sources */ = {isa = PBXBuildFile; fileRef = EBC73D7E2289CC4700024C48 /* AppsHorizontalController.swift */; };
		EBC73D812289D61C00024C48 /* AppRowCell.swift in Sources */ = {isa = PBXBuildFile; fileRef = EBC73D802289D61C00024C48 /* AppRowCell.swift */; };
		EBC73D832289D71100024C48 /* Extensions.swift in Sources */ = {isa = PBXBuildFile; fileRef = EBC73D822289D71100024C48 /* Extensions.swift */; };
		EBC73D852289E8BB00024C48 /* AppsPageController.swift in Sources */ = {isa = PBXBuildFile; fileRef = EBC73D842289E8BB00024C48 /* AppsPageController.swift */; };
		EBC73D872289EA3200024C48 /* AppsPageHeader.swift in Sources */ = {isa = PBXBuildFile; fileRef = EBC73D862289EA3200024C48 /* AppsPageHeader.swift */; };
		EBC73D892289EC3700024C48 /* AppsHeaderHorizontalController.swift in Sources */ = {isa = PBXBuildFile; fileRef = EBC73D882289EC3700024C48 /* AppsHeaderHorizontalController.swift */; };
		EBC73D8B2289EE6000024C48 /* AppsHeaderCell.swift in Sources */ = {isa = PBXBuildFile; fileRef = EBC73D8A2289EE6000024C48 /* AppsHeaderCell.swift */; };
		EBC9F5172281BA0C00CF31AB /* BaseListController.swift in Sources */ = {isa = PBXBuildFile; fileRef = EBC9F5162281BA0C00CF31AB /* BaseListController.swift */; };
		EBC9F51B2281BE3600CF31AB /* AppsGroupCell.swift in Sources */ = {isa = PBXBuildFile; fileRef = EBC9F51A2281BE3600CF31AB /* AppsGroupCell.swift */; };
		EBD5091D22675F5500C79D30 /* SearchResult.swift in Sources */ = {isa = PBXBuildFile; fileRef = EBD5091C22675F5500C79D30 /* SearchResult.swift */; };
		EBD5091F22676B2300C79D30 /* Service.swift in Sources */ = {isa = PBXBuildFile; fileRef = EBD5091E22676B2300C79D30 /* Service.swift */; };
		EBD816FB22526DB700B81354 /* SearchResultsCell.swift in Sources */ = {isa = PBXBuildFile; fileRef = EBD816FA22526DB700B81354 /* SearchResultsCell.swift */; };
		EBFAA11D22522CA100BA1FF5 /* AppDelegate.swift in Sources */ = {isa = PBXBuildFile; fileRef = EBFAA11C22522CA100BA1FF5 /* AppDelegate.swift */; };
		EBFAA11F22522CA100BA1FF5 /* ViewController.swift in Sources */ = {isa = PBXBuildFile; fileRef = EBFAA11E22522CA100BA1FF5 /* ViewController.swift */; };
		EBFAA12222522CA100BA1FF5 /* Main.storyboard in Resources */ = {isa = PBXBuildFile; fileRef = EBFAA12022522CA100BA1FF5 /* Main.storyboard */; };
		EBFAA12422522CA300BA1FF5 /* Assets.xcassets in Resources */ = {isa = PBXBuildFile; fileRef = EBFAA12322522CA300BA1FF5 /* Assets.xcassets */; };
		EBFAA12722522CA300BA1FF5 /* LaunchScreen.storyboard in Resources */ = {isa = PBXBuildFile; fileRef = EBFAA12522522CA300BA1FF5 /* LaunchScreen.storyboard */; };
		EBFAA12F22522CF600BA1FF5 /* BaseTabBarController.swift in Sources */ = {isa = PBXBuildFile; fileRef = EBFAA12E22522CF600BA1FF5 /* BaseTabBarController.swift */; };
		EBFAA1322252462800BA1FF5 /* AppsSearchCollectionViewController.swift in Sources */ = {isa = PBXBuildFile; fileRef = EBFAA1312252462800BA1FF5 /* AppsSearchCollectionViewController.swift */; };
/* End PBXBuildFile section */

/* Begin PBXFileReference section */
		4466CE644CF360D62FCB4652 /* Pods-Appstore.release.xcconfig */ = {isa = PBXFileReference; includeInIndex = 1; lastKnownFileType = text.xcconfig; name = "Pods-Appstore.release.xcconfig"; path = "Pods/Target Support Files/Pods-Appstore/Pods-Appstore.release.xcconfig"; sourceTree = "<group>"; };
		D1E8A9AF849B8A4075358A68 /* Pods-Appstore.debug.xcconfig */ = {isa = PBXFileReference; includeInIndex = 1; lastKnownFileType = text.xcconfig; name = "Pods-Appstore.debug.xcconfig"; path = "Pods/Target Support Files/Pods-Appstore/Pods-Appstore.debug.xcconfig"; sourceTree = "<group>"; };
		EB3F22F8226B69B900F79F55 /* preview.jpeg */ = {isa = PBXFileReference; lastKnownFileType = image.jpeg; path = preview.jpeg; sourceTree = "<group>"; };
		EBA18BC7228C18F70041E696 /* AppGroup.swift */ = {isa = PBXFileReference; lastKnownFileType = sourcecode.swift; path = AppGroup.swift; sourceTree = "<group>"; };
		EBC00722225D73C4001AB32B /* UIView+Layout.swift */ = {isa = PBXFileReference; lastKnownFileType = sourcecode.swift; path = "UIView+Layout.swift"; sourceTree = "<group>"; };
		EBC00724225D78A4001AB32B /* VerticalStackView.swift */ = {isa = PBXFileReference; lastKnownFileType = sourcecode.swift; path = VerticalStackView.swift; sourceTree = "<group>"; };
		EBC73D7E2289CC4700024C48 /* AppsHorizontalController.swift */ = {isa = PBXFileReference; lastKnownFileType = sourcecode.swift; path = AppsHorizontalController.swift; sourceTree = "<group>"; };
		EBC73D802289D61C00024C48 /* AppRowCell.swift */ = {isa = PBXFileReference; lastKnownFileType = sourcecode.swift; path = AppRowCell.swift; sourceTree = "<group>"; };
		EBC73D822289D71100024C48 /* Extensions.swift */ = {isa = PBXFileReference; lastKnownFileType = sourcecode.swift; path = Extensions.swift; sourceTree = "<group>"; };
		EBC73D842289E8BB00024C48 /* AppsPageController.swift */ = {isa = PBXFileReference; fileEncoding = 4; lastKnownFileType = sourcecode.swift; path = AppsPageController.swift; sourceTree = "<group>"; };
		EBC73D862289EA3200024C48 /* AppsPageHeader.swift */ = {isa = PBXFileReference; lastKnownFileType = sourcecode.swift; path = AppsPageHeader.swift; sourceTree = "<group>"; };
		EBC73D882289EC3700024C48 /* AppsHeaderHorizontalController.swift */ = {isa = PBXFileReference; lastKnownFileType = sourcecode.swift; path = AppsHeaderHorizontalController.swift; sourceTree = "<group>"; };
		EBC73D8A2289EE6000024C48 /* AppsHeaderCell.swift */ = {isa = PBXFileReference; lastKnownFileType = sourcecode.swift; path = AppsHeaderCell.swift; sourceTree = "<group>"; };
		EBC9F5162281BA0C00CF31AB /* BaseListController.swift */ = {isa = PBXFileReference; lastKnownFileType = sourcecode.swift; path = BaseListController.swift; sourceTree = "<group>"; };
		EBC9F51A2281BE3600CF31AB /* AppsGroupCell.swift */ = {isa = PBXFileReference; lastKnownFileType = sourcecode.swift; path = AppsGroupCell.swift; sourceTree = "<group>"; };
		EBD5091C22675F5500C79D30 /* SearchResult.swift */ = {isa = PBXFileReference; lastKnownFileType = sourcecode.swift; path = SearchResult.swift; sourceTree = "<group>"; };
		EBD5091E22676B2300C79D30 /* Service.swift */ = {isa = PBXFileReference; lastKnownFileType = sourcecode.swift; path = Service.swift; sourceTree = "<group>"; };
		EBD816FA22526DB700B81354 /* SearchResultsCell.swift */ = {isa = PBXFileReference; lastKnownFileType = sourcecode.swift; path = SearchResultsCell.swift; sourceTree = "<group>"; };
		EBFAA11922522CA100BA1FF5 /* Appstore.app */ = {isa = PBXFileReference; explicitFileType = wrapper.application; includeInIndex = 0; path = Appstore.app; sourceTree = BUILT_PRODUCTS_DIR; };
		EBFAA11C22522CA100BA1FF5 /* AppDelegate.swift */ = {isa = PBXFileReference; lastKnownFileType = sourcecode.swift; path = AppDelegate.swift; sourceTree = "<group>"; };
		EBFAA11E22522CA100BA1FF5 /* ViewController.swift */ = {isa = PBXFileReference; lastKnownFileType = sourcecode.swift; path = ViewController.swift; sourceTree = "<group>"; };
		EBFAA12122522CA100BA1FF5 /* Base */ = {isa = PBXFileReference; lastKnownFileType = file.storyboard; name = Base; path = Base.lproj/Main.storyboard; sourceTree = "<group>"; };
		EBFAA12322522CA300BA1FF5 /* Assets.xcassets */ = {isa = PBXFileReference; lastKnownFileType = folder.assetcatalog; path = Assets.xcassets; sourceTree = "<group>"; };
		EBFAA12622522CA300BA1FF5 /* Base */ = {isa = PBXFileReference; lastKnownFileType = file.storyboard; name = Base; path = Base.lproj/LaunchScreen.storyboard; sourceTree = "<group>"; };
		EBFAA12822522CA300BA1FF5 /* Info.plist */ = {isa = PBXFileReference; lastKnownFileType = text.plist.xml; path = Info.plist; sourceTree = "<group>"; };
		EBFAA12E22522CF600BA1FF5 /* BaseTabBarController.swift */ = {isa = PBXFileReference; lastKnownFileType = sourcecode.swift; path = BaseTabBarController.swift; sourceTree = "<group>"; };
		EBFAA1312252462800BA1FF5 /* AppsSearchCollectionViewController.swift */ = {isa = PBXFileReference; lastKnownFileType = sourcecode.swift; path = AppsSearchCollectionViewController.swift; sourceTree = "<group>"; };
		FE0D78D9755D1F3BAA13886B /* Pods_Appstore.framework */ = {isa = PBXFileReference; explicitFileType = wrapper.framework; includeInIndex = 0; path = Pods_Appstore.framework; sourceTree = BUILT_PRODUCTS_DIR; };
/* End PBXFileReference section */

/* Begin PBXFrameworksBuildPhase section */
		EBFAA11622522CA100BA1FF5 /* Frameworks */ = {
			isa = PBXFrameworksBuildPhase;
			buildActionMask = 2147483647;
			files = (
				4DBCCA443CE3166495C03BEC /* Pods_Appstore.framework in Frameworks */,
			);
			runOnlyForDeploymentPostprocessing = 0;
		};
/* End PBXFrameworksBuildPhase section */

/* Begin PBXGroup section */
		896D71D22A9101DE818CF244 /* Pods */ = {
			isa = PBXGroup;
			children = (
				D1E8A9AF849B8A4075358A68 /* Pods-Appstore.debug.xcconfig */,
				4466CE644CF360D62FCB4652 /* Pods-Appstore.release.xcconfig */,
			);
			name = Pods;
			sourceTree = "<group>";
		};
		9EE978636D6696A47D006B3A /* Frameworks */ = {
			isa = PBXGroup;
			children = (
				FE0D78D9755D1F3BAA13886B /* Pods_Appstore.framework */,
			);
			name = Frameworks;
			sourceTree = "<group>";
		};
		EB3F22F7226B695B00F79F55 /* Images */ = {
			isa = PBXGroup;
			children = (
				EB3F22F8226B69B900F79F55 /* preview.jpeg */,
			);
			path = Images;
			sourceTree = "<group>";
		};
		EBC00721225D7391001AB32B /* Helpers */ = {
			isa = PBXGroup;
			children = (
				EBC00722225D73C4001AB32B /* UIView+Layout.swift */,
				EBC00724225D78A4001AB32B /* VerticalStackView.swift */,
				EBC73D822289D71100024C48 /* Extensions.swift */,
			);
			path = Helpers;
			sourceTree = "<group>";
		};
		EBC9F5132281B82F00CF31AB /* Apps */ = {
			isa = PBXGroup;
			children = (
				EBC73D842289E8BB00024C48 /* AppsPageController.swift */,
				EBC73D7E2289CC4700024C48 /* AppsHorizontalController.swift */,
				EBC73D882289EC3700024C48 /* AppsHeaderHorizontalController.swift */,
			);
			path = Apps;
			sourceTree = "<group>";
		};
		EBC9F5182281BA7C00CF31AB /* Search */ = {
			isa = PBXGroup;
			children = (
				EBFAA1312252462800BA1FF5 /* AppsSearchCollectionViewController.swift */,
			);
			path = Search;
			sourceTree = "<group>";
		};
		EBC9F5192281BE1F00CF31AB /* Apps */ = {
			isa = PBXGroup;
			children = (
				EBC73D802289D61C00024C48 /* AppRowCell.swift */,
				EBC9F51A2281BE3600CF31AB /* AppsGroupCell.swift */,
				EBC73D8A2289EE6000024C48 /* AppsHeaderCell.swift */,
				EBC73D862289EA3200024C48 /* AppsPageHeader.swift */,
			);
			path = Apps;
			sourceTree = "<group>";
		};
		EBD5091B22675F3D00C79D30 /* Model */ = {
			isa = PBXGroup;
			children = (
				EBD5091C22675F5500C79D30 /* SearchResult.swift */,
				EBA18BC7228C18F70041E696 /* AppGroup.swift */,
			);
			path = Model;
			sourceTree = "<group>";
		};
		EBD5092022676B2900C79D30 /* Service */ = {
			isa = PBXGroup;
			children = (
				EBD5091E22676B2300C79D30 /* Service.swift */,
			);
			path = Service;
			sourceTree = "<group>";
		};
		EBD816F922526D8A00B81354 /* Views */ = {
			isa = PBXGroup;
			children = (
				EBC9F5192281BE1F00CF31AB /* Apps */,
				EBD816FA22526DB700B81354 /* SearchResultsCell.swift */,
			);
			path = Views;
			sourceTree = "<group>";
		};
		EBFAA11022522CA100BA1FF5 = {
			isa = PBXGroup;
			children = (
				EBFAA11B22522CA100BA1FF5 /* Appstore */,
				EB3F22F7226B695B00F79F55 /* Images */,
				EBFAA11A22522CA100BA1FF5 /* Products */,
				896D71D22A9101DE818CF244 /* Pods */,
				9EE978636D6696A47D006B3A /* Frameworks */,
			);
			sourceTree = "<group>";
		};
		EBFAA11A22522CA100BA1FF5 /* Products */ = {
			isa = PBXGroup;
			children = (
				EBFAA11922522CA100BA1FF5 /* Appstore.app */,
			);
			name = Products;
			sourceTree = "<group>";
		};
		EBFAA11B22522CA100BA1FF5 /* Appstore */ = {
			isa = PBXGroup;
			children = (
				EBD5092022676B2900C79D30 /* Service */,
				EBD5091B22675F3D00C79D30 /* Model */,
				EBD816F922526D8A00B81354 /* Views */,
				EBFAA130225245DC00BA1FF5 /* Controller */,
				EBC00721225D7391001AB32B /* Helpers */,
				EBFAA11C22522CA100BA1FF5 /* AppDelegate.swift */,
				EBFAA11E22522CA100BA1FF5 /* ViewController.swift */,
				EBFAA12022522CA100BA1FF5 /* Main.storyboard */,
				EBFAA12322522CA300BA1FF5 /* Assets.xcassets */,
				EBFAA12522522CA300BA1FF5 /* LaunchScreen.storyboard */,
				EBFAA12822522CA300BA1FF5 /* Info.plist */,
			);
			path = Appstore;
			sourceTree = "<group>";
		};
		EBFAA130225245DC00BA1FF5 /* Controller */ = {
			isa = PBXGroup;
			children = (
				EBFAA12E22522CF600BA1FF5 /* BaseTabBarController.swift */,
				EBC9F5162281BA0C00CF31AB /* BaseListController.swift */,
				EBC9F5182281BA7C00CF31AB /* Search */,
				EBC9F5132281B82F00CF31AB /* Apps */,
			);
			path = Controller;
			sourceTree = "<group>";
		};
/* End PBXGroup section */

/* Begin PBXNativeTarget section */
		EBFAA11822522CA100BA1FF5 /* Appstore */ = {
			isa = PBXNativeTarget;
			buildConfigurationList = EBFAA12B22522CA300BA1FF5 /* Build configuration list for PBXNativeTarget "Appstore" */;
			buildPhases = (
				080EB882D6CFFF69638B588D /* [CP] Check Pods Manifest.lock */,
				EBFAA11522522CA100BA1FF5 /* Sources */,
				EBFAA11622522CA100BA1FF5 /* Frameworks */,
				EBFAA11722522CA100BA1FF5 /* Resources */,
				828A48B36110C626624E913F /* [CP] Embed Pods Frameworks */,
			);
			buildRules = (
			);
			dependencies = (
			);
			name = Appstore;
			productName = Appstore;
			productReference = EBFAA11922522CA100BA1FF5 /* Appstore.app */;
			productType = "com.apple.product-type.application";
		};
/* End PBXNativeTarget section */

/* Begin PBXProject section */
		EBFAA11122522CA100BA1FF5 /* Project object */ = {
			isa = PBXProject;
			attributes = {
				LastSwiftUpdateCheck = 1010;
				LastUpgradeCheck = 1010;
				ORGANIZATIONNAME = com.OyegokeTomisin;
				TargetAttributes = {
					EBFAA11822522CA100BA1FF5 = {
						CreatedOnToolsVersion = 10.1;
					};
				};
			};
			buildConfigurationList = EBFAA11422522CA100BA1FF5 /* Build configuration list for PBXProject "Appstore" */;
			compatibilityVersion = "Xcode 9.3";
			developmentRegion = en;
			hasScannedForEncodings = 0;
			knownRegions = (
				en,
				Base,
			);
			mainGroup = EBFAA11022522CA100BA1FF5;
			productRefGroup = EBFAA11A22522CA100BA1FF5 /* Products */;
			projectDirPath = "";
			projectRoot = "";
			targets = (
				EBFAA11822522CA100BA1FF5 /* Appstore */,
			);
		};
/* End PBXProject section */

/* Begin PBXResourcesBuildPhase section */
		EBFAA11722522CA100BA1FF5 /* Resources */ = {
			isa = PBXResourcesBuildPhase;
			buildActionMask = 2147483647;
			files = (
				EBFAA12722522CA300BA1FF5 /* LaunchScreen.storyboard in Resources */,
				EBFAA12422522CA300BA1FF5 /* Assets.xcassets in Resources */,
				EB3F22F9226B69B900F79F55 /* preview.jpeg in Resources */,
				EBFAA12222522CA100BA1FF5 /* Main.storyboard in Resources */,
			);
			runOnlyForDeploymentPostprocessing = 0;
		};
/* End PBXResourcesBuildPhase section */

/* Begin PBXShellScriptBuildPhase section */
		080EB882D6CFFF69638B588D /* [CP] Check Pods Manifest.lock */ = {
			isa = PBXShellScriptBuildPhase;
			buildActionMask = 2147483647;
			files = (
			);
			inputFileListPaths = (
			);
			inputPaths = (
				"${PODS_PODFILE_DIR_PATH}/Podfile.lock",
				"${PODS_ROOT}/Manifest.lock",
			);
			name = "[CP] Check Pods Manifest.lock";
			outputFileListPaths = (
			);
			outputPaths = (
				"$(DERIVED_FILE_DIR)/Pods-Appstore-checkManifestLockResult.txt",
			);
			runOnlyForDeploymentPostprocessing = 0;
			shellPath = /bin/sh;
			shellScript = "diff \"${PODS_PODFILE_DIR_PATH}/Podfile.lock\" \"${PODS_ROOT}/Manifest.lock\" > /dev/null\nif [ $? != 0 ] ; then\n    # print error to STDERR\n    echo \"error: The sandbox is not in sync with the Podfile.lock. Run 'pod install' or update your CocoaPods installation.\" >&2\n    exit 1\nfi\n# This output is used by Xcode 'outputs' to avoid re-running this script phase.\necho \"SUCCESS\" > \"${SCRIPT_OUTPUT_FILE_0}\"\n";
			showEnvVarsInLog = 0;
		};
		828A48B36110C626624E913F /* [CP] Embed Pods Frameworks */ = {
			isa = PBXShellScriptBuildPhase;
			buildActionMask = 2147483647;
			files = (
			);
			inputFileListPaths = (
			);
			inputPaths = (
				"${SRCROOT}/Pods/Target Support Files/Pods-Appstore/Pods-Appstore-frameworks.sh",
				"${BUILT_PRODUCTS_DIR}/SDWebImage/SDWebImage.framework",
			);
			name = "[CP] Embed Pods Frameworks";
			outputFileListPaths = (
			);
			outputPaths = (
				"${TARGET_BUILD_DIR}/${FRAMEWORKS_FOLDER_PATH}/SDWebImage.framework",
			);
			runOnlyForDeploymentPostprocessing = 0;
			shellPath = /bin/sh;
			shellScript = "\"${SRCROOT}/Pods/Target Support Files/Pods-Appstore/Pods-Appstore-frameworks.sh\"\n";
			showEnvVarsInLog = 0;
		};
/* End PBXShellScriptBuildPhase section */

/* Begin PBXSourcesBuildPhase section */
		EBFAA11522522CA100BA1FF5 /* Sources */ = {
			isa = PBXSourcesBuildPhase;
			buildActionMask = 2147483647;
			files = (
				EBFAA1322252462800BA1FF5 /* AppsSearchCollectionViewController.swift in Sources */,
				EBD816FB22526DB700B81354 /* SearchResultsCell.swift in Sources */,
				EBD5091D22675F5500C79D30 /* SearchResult.swift in Sources */,
				EBA18BC8228C18F70041E696 /* AppGroup.swift in Sources */,
				EBC00723225D73C4001AB32B /* UIView+Layout.swift in Sources */,
				EBC73D8B2289EE6000024C48 /* AppsHeaderCell.swift in Sources */,
				EBC9F5172281BA0C00CF31AB /* BaseListController.swift in Sources */,
				EBC73D812289D61C00024C48 /* AppRowCell.swift in Sources */,
				EBC73D852289E8BB00024C48 /* AppsPageController.swift in Sources */,
				EBFAA11F22522CA100BA1FF5 /* ViewController.swift in Sources */,
				EBC9F51B2281BE3600CF31AB /* AppsGroupCell.swift in Sources */,
				EBC73D872289EA3200024C48 /* AppsPageHeader.swift in Sources */,
				EBD5091F22676B2300C79D30 /* Service.swift in Sources */,
				EBC73D832289D71100024C48 /* Extensions.swift in Sources */,
				EBFAA11D22522CA100BA1FF5 /* AppDelegate.swift in Sources */,
				EBFAA12F22522CF600BA1FF5 /* BaseTabBarController.swift in Sources */,
				EBC73D7F2289CC4700024C48 /* AppsHorizontalController.swift in Sources */,
				EBC00725225D78A4001AB32B /* VerticalStackView.swift in Sources */,
				EBC73D892289EC3700024C48 /* AppsHeaderHorizontalController.swift in Sources */,
			);
			runOnlyForDeploymentPostprocessing = 0;
		};
/* End PBXSourcesBuildPhase section */

/* Begin PBXVariantGroup section */
		EBFAA12022522CA100BA1FF5 /* Main.storyboard */ = {
			isa = PBXVariantGroup;
			children = (
				EBFAA12122522CA100BA1FF5 /* Base */,
			);
			name = Main.storyboard;
			sourceTree = "<group>";
		};
		EBFAA12522522CA300BA1FF5 /* LaunchScreen.storyboard */ = {
			isa = PBXVariantGroup;
			children = (
				EBFAA12622522CA300BA1FF5 /* Base */,
			);
			name = LaunchScreen.storyboard;
			sourceTree = "<group>";
		};
/* End PBXVariantGroup section */

/* Begin XCBuildConfiguration section */
		EBFAA12922522CA300BA1FF5 /* Debug */ = {
			isa = XCBuildConfiguration;
			buildSettings = {
				ALWAYS_SEARCH_USER_PATHS = NO;
				CLANG_ANALYZER_NONNULL = YES;
				CLANG_ANALYZER_NUMBER_OBJECT_CONVERSION = YES_AGGRESSIVE;
				CLANG_CXX_LANGUAGE_STANDARD = "gnu++14";
				CLANG_CXX_LIBRARY = "libc++";
				CLANG_ENABLE_MODULES = YES;
				CLANG_ENABLE_OBJC_ARC = YES;
				CLANG_ENABLE_OBJC_WEAK = YES;
				CLANG_WARN_BLOCK_CAPTURE_AUTORELEASING = YES;
				CLANG_WARN_BOOL_CONVERSION = YES;
				CLANG_WARN_COMMA = YES;
				CLANG_WARN_CONSTANT_CONVERSION = YES;
				CLANG_WARN_DEPRECATED_OBJC_IMPLEMENTATIONS = YES;
				CLANG_WARN_DIRECT_OBJC_ISA_USAGE = YES_ERROR;
				CLANG_WARN_DOCUMENTATION_COMMENTS = YES;
				CLANG_WARN_EMPTY_BODY = YES;
				CLANG_WARN_ENUM_CONVERSION = YES;
				CLANG_WARN_INFINITE_RECURSION = YES;
				CLANG_WARN_INT_CONVERSION = YES;
				CLANG_WARN_NON_LITERAL_NULL_CONVERSION = YES;
				CLANG_WARN_OBJC_IMPLICIT_RETAIN_SELF = YES;
				CLANG_WARN_OBJC_LITERAL_CONVERSION = YES;
				CLANG_WARN_OBJC_ROOT_CLASS = YES_ERROR;
				CLANG_WARN_RANGE_LOOP_ANALYSIS = YES;
				CLANG_WARN_STRICT_PROTOTYPES = YES;
				CLANG_WARN_SUSPICIOUS_MOVE = YES;
				CLANG_WARN_UNGUARDED_AVAILABILITY = YES_AGGRESSIVE;
				CLANG_WARN_UNREACHABLE_CODE = YES;
				CLANG_WARN__DUPLICATE_METHOD_MATCH = YES;
				CODE_SIGN_IDENTITY = "iPhone Developer";
				COPY_PHASE_STRIP = NO;
				DEBUG_INFORMATION_FORMAT = dwarf;
				ENABLE_STRICT_OBJC_MSGSEND = YES;
				ENABLE_TESTABILITY = YES;
				GCC_C_LANGUAGE_STANDARD = gnu11;
				GCC_DYNAMIC_NO_PIC = NO;
				GCC_NO_COMMON_BLOCKS = YES;
				GCC_OPTIMIZATION_LEVEL = 0;
				GCC_PREPROCESSOR_DEFINITIONS = (
					"DEBUG=1",
					"$(inherited)",
				);
				GCC_WARN_64_TO_32_BIT_CONVERSION = YES;
				GCC_WARN_ABOUT_RETURN_TYPE = YES_ERROR;
				GCC_WARN_UNDECLARED_SELECTOR = YES;
				GCC_WARN_UNINITIALIZED_AUTOS = YES_AGGRESSIVE;
				GCC_WARN_UNUSED_FUNCTION = YES;
				GCC_WARN_UNUSED_VARIABLE = YES;
				IPHONEOS_DEPLOYMENT_TARGET = 12.1;
				MTL_ENABLE_DEBUG_INFO = INCLUDE_SOURCE;
				MTL_FAST_MATH = YES;
				ONLY_ACTIVE_ARCH = YES;
				SDKROOT = iphoneos;
				SWIFT_ACTIVE_COMPILATION_CONDITIONS = DEBUG;
				SWIFT_OPTIMIZATION_LEVEL = "-Onone";
			};
			name = Debug;
		};
		EBFAA12A22522CA300BA1FF5 /* Release */ = {
			isa = XCBuildConfiguration;
			buildSettings = {
				ALWAYS_SEARCH_USER_PATHS = NO;
				CLANG_ANALYZER_NONNULL = YES;
				CLANG_ANALYZER_NUMBER_OBJECT_CONVERSION = YES_AGGRESSIVE;
				CLANG_CXX_LANGUAGE_STANDARD = "gnu++14";
				CLANG_CXX_LIBRARY = "libc++";
				CLANG_ENABLE_MODULES = YES;
				CLANG_ENABLE_OBJC_ARC = YES;
				CLANG_ENABLE_OBJC_WEAK = YES;
				CLANG_WARN_BLOCK_CAPTURE_AUTORELEASING = YES;
				CLANG_WARN_BOOL_CONVERSION = YES;
				CLANG_WARN_COMMA = YES;
				CLANG_WARN_CONSTANT_CONVERSION = YES;
				CLANG_WARN_DEPRECATED_OBJC_IMPLEMENTATIONS = YES;
				CLANG_WARN_DIRECT_OBJC_ISA_USAGE = YES_ERROR;
				CLANG_WARN_DOCUMENTATION_COMMENTS = YES;
				CLANG_WARN_EMPTY_BODY = YES;
				CLANG_WARN_ENUM_CONVERSION = YES;
				CLANG_WARN_INFINITE_RECURSION = YES;
				CLANG_WARN_INT_CONVERSION = YES;
				CLANG_WARN_NON_LITERAL_NULL_CONVERSION = YES;
				CLANG_WARN_OBJC_IMPLICIT_RETAIN_SELF = YES;
				CLANG_WARN_OBJC_LITERAL_CONVERSION = YES;
				CLANG_WARN_OBJC_ROOT_CLASS = YES_ERROR;
				CLANG_WARN_RANGE_LOOP_ANALYSIS = YES;
				CLANG_WARN_STRICT_PROTOTYPES = YES;
				CLANG_WARN_SUSPICIOUS_MOVE = YES;
				CLANG_WARN_UNGUARDED_AVAILABILITY = YES_AGGRESSIVE;
				CLANG_WARN_UNREACHABLE_CODE = YES;
				CLANG_WARN__DUPLICATE_METHOD_MATCH = YES;
				CODE_SIGN_IDENTITY = "iPhone Developer";
				COPY_PHASE_STRIP = NO;
				DEBUG_INFORMATION_FORMAT = "dwarf-with-dsym";
				ENABLE_NS_ASSERTIONS = NO;
				ENABLE_STRICT_OBJC_MSGSEND = YES;
				GCC_C_LANGUAGE_STANDARD = gnu11;
				GCC_NO_COMMON_BLOCKS = YES;
				GCC_WARN_64_TO_32_BIT_CONVERSION = YES;
				GCC_WARN_ABOUT_RETURN_TYPE = YES_ERROR;
				GCC_WARN_UNDECLARED_SELECTOR = YES;
				GCC_WARN_UNINITIALIZED_AUTOS = YES_AGGRESSIVE;
				GCC_WARN_UNUSED_FUNCTION = YES;
				GCC_WARN_UNUSED_VARIABLE = YES;
				IPHONEOS_DEPLOYMENT_TARGET = 12.1;
				MTL_ENABLE_DEBUG_INFO = NO;
				MTL_FAST_MATH = YES;
				SDKROOT = iphoneos;
				SWIFT_COMPILATION_MODE = wholemodule;
				SWIFT_OPTIMIZATION_LEVEL = "-O";
				VALIDATE_PRODUCT = YES;
			};
			name = Release;
		};
		EBFAA12C22522CA300BA1FF5 /* Debug */ = {
			isa = XCBuildConfiguration;
			baseConfigurationReference = D1E8A9AF849B8A4075358A68 /* Pods-Appstore.debug.xcconfig */;
			buildSettings = {
				ASSETCATALOG_COMPILER_APPICON_NAME = AppIcon;
				CODE_SIGN_STYLE = Automatic;
				DEVELOPMENT_TEAM = WJ559S3UG5;
				INFOPLIST_FILE = Appstore/Info.plist;
				LD_RUNPATH_SEARCH_PATHS = (
					"$(inherited)",
					"@executable_path/Frameworks",
				);
				PRODUCT_BUNDLE_IDENTIFIER = com.OyegokeTomisin.Appstore;
				PRODUCT_NAME = "$(TARGET_NAME)";
				SWIFT_VERSION = 4.2;
				TARGETED_DEVICE_FAMILY = "1,2";
			};
			name = Debug;
		};
		EBFAA12D22522CA300BA1FF5 /* Release */ = {
			isa = XCBuildConfiguration;
			baseConfigurationReference = 4466CE644CF360D62FCB4652 /* Pods-Appstore.release.xcconfig */;
			buildSettings = {
				ASSETCATALOG_COMPILER_APPICON_NAME = AppIcon;
				CODE_SIGN_STYLE = Automatic;
				DEVELOPMENT_TEAM = WJ559S3UG5;
				INFOPLIST_FILE = Appstore/Info.plist;
				LD_RUNPATH_SEARCH_PATHS = (
					"$(inherited)",
					"@executable_path/Frameworks",
				);
				PRODUCT_BUNDLE_IDENTIFIER = com.OyegokeTomisin.Appstore;
				PRODUCT_NAME = "$(TARGET_NAME)";
				SWIFT_VERSION = 4.2;
				TARGETED_DEVICE_FAMILY = "1,2";
			};
			name = Release;
		};
/* End XCBuildConfiguration section */

/* Begin XCConfigurationList section */
		EBFAA11422522CA100BA1FF5 /* Build configuration list for PBXProject "Appstore" */ = {
			isa = XCConfigurationList;
			buildConfigurations = (
				EBFAA12922522CA300BA1FF5 /* Debug */,
				EBFAA12A22522CA300BA1FF5 /* Release */,
			);
			defaultConfigurationIsVisible = 0;
			defaultConfigurationName = Release;
		};
		EBFAA12B22522CA300BA1FF5 /* Build configuration list for PBXNativeTarget "Appstore" */ = {
			isa = XCConfigurationList;
			buildConfigurations = (
				EBFAA12C22522CA300BA1FF5 /* Debug */,
				EBFAA12D22522CA300BA1FF5 /* Release */,
			);
			defaultConfigurationIsVisible = 0;
			defaultConfigurationName = Release;
		};
/* End XCConfigurationList section */
	};
	rootObject = EBFAA11122522CA100BA1FF5 /* Project object */;
}
